
Microsoft Visual Studio Solution File, Format Version 12.00
# Visual Studio 15
VisualStudioVersion = 15.0.27130.2026
MinimumVisualStudioVersion = 10.0.40219.1
Project("{FAE04EC0-301F-11D3-BF4B-00C04F79EFBC}") = "Find count chain 1", "Find count chain 1\Find count chain 1.csproj", "{ACE22518-2979-40BF-BCC8-129077786974}"
EndProject
Global
	GlobalSection(SolutionConfigurationPlatforms) = preSolution
		Debug|Any CPU = Debug|Any CPU
		Release|Any CPU = Release|Any CPU
	EndGlobalSection
	GlobalSection(ProjectConfigurationPlatforms) = postSolution
		{ACE22518-2979-40BF-BCC8-129077786974}.Debug|Any CPU.ActiveCfg = Debug|Any CPU
		{ACE22518-2979-40BF-BCC8-129077786974}.Debug|Any CPU.Build.0 = Debug|Any CPU
		{ACE22518-2979-40BF-BCC8-129077786974}.Release|Any CPU.ActiveCfg = Release|Any CPU
		{ACE22518-2979-40BF-BCC8-129077786974}.Release|Any CPU.Build.0 = Release|Any CPU
	EndGlobalSection
	GlobalSection(SolutionProperties) = preSolution
		HideSolutionNode = FALSE
	EndGlobalSection
	GlobalSection(ExtensibilityGlobals) = postSolution
		SolutionGuid = {DC43AA24-2B9F-4A51-9096-CDA91F07E3E5}
	EndGlobalSection
EndGlobal
